
Microsoft Visual Studio Solution File, Format Version 12.00
# Visual Studio Version 17
VisualStudioVersion = 17.14.36518.9
MinimumVisualStudioVersion = 10.0.40219.1
Project("{FAE04EC0-301F-11D3-BF4B-00C04F79EFBC}") = "FoodLoop", "FoodLoop\FoodLoop.csproj", "{6A98C040-371C-44F4-9ED6-7DD6A595B51A}"
EndProject
Global
	GlobalSection(SolutionConfigurationPlatforms) = preSolution
		Debug|Any CPU = Debug|Any CPU
		Release|Any CPU = Release|Any CPU
	EndGlobalSection
	GlobalSection(ProjectConfigurationPlatforms) = postSolution
		{6A98C040-371C-44F4-9ED6-7DD6A595B51A}.Debug|Any CPU.ActiveCfg = Debug|Any CPU
		{6A98C040-371C-44F4-9ED6-7DD6A595B51A}.Debug|Any CPU.Build.0 = Debug|Any CPU
		{6A98C040-371C-44F4-9ED6-7DD6A595B51A}.Release|Any CPU.ActiveCfg = Release|Any CPU
		{6A98C040-371C-44F4-9ED6-7DD6A595B51A}.Release|Any CPU.Build.0 = Release|Any CPU
	EndGlobalSection
	GlobalSection(SolutionProperties) = preSolution
		HideSolutionNode = FALSE
	EndGlobalSection
	GlobalSection(ExtensibilityGlobals) = postSolution
		SolutionGuid = {EA0757EC-D6D9-454E-800F-177A060ABBA0}
	EndGlobalSection
EndGlobal
